
Microsoft Visual Studio Solution File, Format Version 12.00
# Visual Studio Version 17
VisualStudioVersion = 17.4.33205.214
MinimumVisualStudioVersion = 10.0.40219.1
Project("{FAE04EC0-301F-11D3-BF4B-00C04F79EFBC}") = "Opp", "Opp\Opp.csproj", "{3EFEA305-1265-40FE-A523-979F5F58DE5C}"
EndProject
Global
	GlobalSection(SolutionConfigurationPlatforms) = preSolution
		Debug|Any CPU = Debug|Any CPU
		Release|Any CPU = Release|Any CPU
	EndGlobalSection
	GlobalSection(ProjectConfigurationPlatforms) = postSolution
		{3EFEA305-1265-40FE-A523-979F5F58DE5C}.Debug|Any CPU.ActiveCfg = Debug|Any CPU
		{3EFEA305-1265-40FE-A523-979F5F58DE5C}.Debug|Any CPU.Build.0 = Debug|Any CPU
		{3EFEA305-1265-40FE-A523-979F5F58DE5C}.Release|Any CPU.ActiveCfg = Release|Any CPU
		{3EFEA305-1265-40FE-A523-979F5F58DE5C}.Release|Any CPU.Build.0 = Release|Any CPU
	EndGlobalSection
	GlobalSection(SolutionProperties) = preSolution
		HideSolutionNode = FALSE
	EndGlobalSection
	GlobalSection(ExtensibilityGlobals) = postSolution
		SolutionGuid = {A17D7D9A-E716-487E-951B-0658818B7BD0}
	EndGlobalSection
EndGlobal
